
Microsoft Visual Studio Solution File, Format Version 12.00
# Visual Studio 14
VisualStudioVersion = 14.0.22129.1
MinimumVisualStudioVersion = 10.0.40219.1
Project("{FAE04EC0-301F-11D3-BF4B-00C04F79EFBC}") = "MiniShellFramework_VS2013", "MiniShellFramework\MiniShellFramework_VS2013.csproj", "{06EBF505-2594-4CCF-889E-CEE8C4715629}"
EndProject
Project("{FAE04EC0-301F-11D3-BF4B-00C04F79EFBC}") = "VvvSample_VS2013", "VvvSample\VvvSample_VS2013.csproj", "{EBEA9DBE-57E7-49B8-AC4A-B06AAF9032EC}"
EndProject
Project("{FAE04EC0-301F-11D3-BF4B-00C04F79EFBC}") = "VvvSampleTest_VS2013", "VvvSampleTest\VvvSampleTest_VS2013.csproj", "{C138D8AF-2A6C-432D-80DB-BDCD5B199FFC}"
EndProject
Global
	GlobalSection(SolutionConfigurationPlatforms) = preSolution
		Checked|Any CPU = Checked|Any CPU
		Debug|Any CPU = Debug|Any CPU
		Release|Any CPU = Release|Any CPU
	EndGlobalSection
	GlobalSection(ProjectConfigurationPlatforms) = postSolution
		{06EBF505-2594-4CCF-889E-CEE8C4715629}.Checked|Any CPU.ActiveCfg = Checked|Any CPU
		{06EBF505-2594-4CCF-889E-CEE8C4715629}.Checked|Any CPU.Build.0 = Checked|Any CPU
		{06EBF505-2594-4CCF-889E-CEE8C4715629}.Debug|Any CPU.ActiveCfg = Debug|Any CPU
		{06EBF505-2594-4CCF-889E-CEE8C4715629}.Debug|Any CPU.Build.0 = Debug|Any CPU
		{06EBF505-2594-4CCF-889E-CEE8C4715629}.Release|Any CPU.ActiveCfg = Release|Any CPU
		{06EBF505-2594-4CCF-889E-CEE8C4715629}.Release|Any CPU.Build.0 = Release|Any CPU
		{EBEA9DBE-57E7-49B8-AC4A-B06AAF9032EC}.Checked|Any CPU.ActiveCfg = Release|Any CPU
		{EBEA9DBE-57E7-49B8-AC4A-B06AAF9032EC}.Checked|Any CPU.Build.0 = Release|Any CPU
		{EBEA9DBE-57E7-49B8-AC4A-B06AAF9032EC}.Debug|Any CPU.ActiveCfg = Debug|Any CPU
		{EBEA9DBE-57E7-49B8-AC4A-B06AAF9032EC}.Debug|Any CPU.Build.0 = Debug|Any CPU
		{EBEA9DBE-57E7-49B8-AC4A-B06AAF9032EC}.Release|Any CPU.ActiveCfg = Release|Any CPU
		{EBEA9DBE-57E7-49B8-AC4A-B06AAF9032EC}.Release|Any CPU.Build.0 = Release|Any CPU
		{C138D8AF-2A6C-432D-80DB-BDCD5B199FFC}.Checked|Any CPU.ActiveCfg = Release|Any CPU
		{C138D8AF-2A6C-432D-80DB-BDCD5B199FFC}.Checked|Any CPU.Build.0 = Release|Any CPU
		{C138D8AF-2A6C-432D-80DB-BDCD5B199FFC}.Debug|Any CPU.ActiveCfg = Debug|Any CPU
		{C138D8AF-2A6C-432D-80DB-BDCD5B199FFC}.Debug|Any CPU.Build.0 = Debug|Any CPU
		{C138D8AF-2A6C-432D-80DB-BDCD5B199FFC}.Release|Any CPU.ActiveCfg = Release|Any CPU
		{C138D8AF-2A6C-432D-80DB-BDCD5B199FFC}.Release|Any CPU.Build.0 = Release|Any CPU
	EndGlobalSection
	GlobalSection(SolutionProperties) = preSolution
		HideSolutionNode = FALSE
	EndGlobalSection
EndGlobal
