
Microsoft Visual Studio Solution File, Format Version 12.00
# Visual Studio 11
Project("{FAE04EC0-301F-11D3-BF4B-00C04F79EFBC}") = "MiniShellFramework11", "MiniShellFramework\MiniShellFramework11.csproj", "{06EBF505-2594-4CCF-889E-CEE8C4715629}"
EndProject
Project("{FAE04EC0-301F-11D3-BF4B-00C04F79EFBC}") = "VvvSample11", "VvvSample\VvvSample11.csproj", "{8611B960-278E-45A7-82B6-45B03E14B4F0}"
EndProject
Project("{FAE04EC0-301F-11D3-BF4B-00C04F79EFBC}") = "VvvSampleTest11", "VvvSampleTest\VvvSampleTest11.csproj", "{C138D8AF-2A6C-432D-80DB-BDCD5B199FFC}"
EndProject
Global
	GlobalSection(TeamFoundationVersionControl) = preSolution
		SccEnterpriseProvider = {4CA58AB2-18FA-4F8D-95D4-32DDF27D184C}
		SccLocalPath0 = VvvSample
		SccLocalPath1 = .
		SccLocalPath2 = MiniShellFramework
		SccLocalPath3 = VvvSampleTest
		SccNumberOfProjects = 4
		SccProjectName0 = VvvSample
		SccProjectName2 = MiniShellFramework
		SccProjectName3 = VvvSampleTest
		SccProjectUniqueName0 = VvvSample\\VvvSample11.csproj
		SccProjectUniqueName2 = MiniShellFramework\\MiniShellFramework11.csproj
		SccProjectUniqueName3 = VvvSampleTest\\VvvSampleTest11.csproj
		SccTeamFoundationServer = https://tfs.codeplex.com/tfs/tfs02
	EndGlobalSection
	GlobalSection(SolutionConfigurationPlatforms) = preSolution
		Checked|Any CPU = Checked|Any CPU
		Debug|Any CPU = Debug|Any CPU
		Release|Any CPU = Release|Any CPU
	EndGlobalSection
	GlobalSection(ProjectConfigurationPlatforms) = postSolution
		{06EBF505-2594-4CCF-889E-CEE8C4715629}.Checked|Any CPU.ActiveCfg = Checked|Any CPU
		{06EBF505-2594-4CCF-889E-CEE8C4715629}.Checked|Any CPU.Build.0 = Checked|Any CPU
		{06EBF505-2594-4CCF-889E-CEE8C4715629}.Debug|Any CPU.ActiveCfg = Debug|Any CPU
		{06EBF505-2594-4CCF-889E-CEE8C4715629}.Debug|Any CPU.Build.0 = Debug|Any CPU
		{06EBF505-2594-4CCF-889E-CEE8C4715629}.Release|Any CPU.ActiveCfg = Release|Any CPU
		{06EBF505-2594-4CCF-889E-CEE8C4715629}.Release|Any CPU.Build.0 = Release|Any CPU
		{8611B960-278E-45A7-82B6-45B03E14B4F0}.Checked|Any CPU.ActiveCfg = Checked|Any CPU
		{8611B960-278E-45A7-82B6-45B03E14B4F0}.Checked|Any CPU.Build.0 = Checked|Any CPU
		{8611B960-278E-45A7-82B6-45B03E14B4F0}.Debug|Any CPU.ActiveCfg = Debug|Any CPU
		{8611B960-278E-45A7-82B6-45B03E14B4F0}.Debug|Any CPU.Build.0 = Debug|Any CPU
		{8611B960-278E-45A7-82B6-45B03E14B4F0}.Release|Any CPU.ActiveCfg = Release|Any CPU
		{8611B960-278E-45A7-82B6-45B03E14B4F0}.Release|Any CPU.Build.0 = Release|Any CPU
		{C138D8AF-2A6C-432D-80DB-BDCD5B199FFC}.Checked|Any CPU.ActiveCfg = Release|Any CPU
		{C138D8AF-2A6C-432D-80DB-BDCD5B199FFC}.Checked|Any CPU.Build.0 = Release|Any CPU
		{C138D8AF-2A6C-432D-80DB-BDCD5B199FFC}.Debug|Any CPU.ActiveCfg = Debug|Any CPU
		{C138D8AF-2A6C-432D-80DB-BDCD5B199FFC}.Debug|Any CPU.Build.0 = Debug|Any CPU
		{C138D8AF-2A6C-432D-80DB-BDCD5B199FFC}.Release|Any CPU.ActiveCfg = Release|Any CPU
		{C138D8AF-2A6C-432D-80DB-BDCD5B199FFC}.Release|Any CPU.Build.0 = Release|Any CPU
	EndGlobalSection
	GlobalSection(SolutionProperties) = preSolution
		HideSolutionNode = FALSE
	EndGlobalSection
EndGlobal
