
Microsoft Visual Studio Solution File, Format Version 12.00
# Visual Studio 15
VisualStudioVersion = 15.0.26730.12
MinimumVisualStudioVersion = 10.0.40219.1
Project("{FAE04EC0-301F-11D3-BF4B-00C04F79EFBC}") = "MiniShellFramework", "MiniShellFramework\MiniShellFramework.csproj", "{A9AB7515-A370-4ED0-A99B-61428F9BC034}"
EndProject
Project("{FAE04EC0-301F-11D3-BF4B-00C04F79EFBC}") = "VvvSample", "VvvSample\VvvSample.csproj", "{EDD68AE9-F62C-4039-BB2C-2F834A7A9B23}"
EndProject
Project("{FAE04EC0-301F-11D3-BF4B-00C04F79EFBC}") = "VvvSampleTest", "VvvSampleTest\VvvSampleTest.csproj", "{C138D8AF-2A6C-432D-80DB-BDCD5B199FFC}"
EndProject
Global
	GlobalSection(SolutionConfigurationPlatforms) = preSolution
		Checked|Any CPU = Checked|Any CPU
		Debug|Any CPU = Debug|Any CPU
		Release|Any CPU = Release|Any CPU
	EndGlobalSection
	GlobalSection(ProjectConfigurationPlatforms) = postSolution
		{A9AB7515-A370-4ED0-A99B-61428F9BC034}.Checked|Any CPU.ActiveCfg = Checked|Any CPU
		{A9AB7515-A370-4ED0-A99B-61428F9BC034}.Checked|Any CPU.Build.0 = Checked|Any CPU
		{A9AB7515-A370-4ED0-A99B-61428F9BC034}.Debug|Any CPU.ActiveCfg = Debug|Any CPU
		{A9AB7515-A370-4ED0-A99B-61428F9BC034}.Debug|Any CPU.Build.0 = Debug|Any CPU
		{A9AB7515-A370-4ED0-A99B-61428F9BC034}.Release|Any CPU.ActiveCfg = Release|Any CPU
		{A9AB7515-A370-4ED0-A99B-61428F9BC034}.Release|Any CPU.Build.0 = Release|Any CPU
		{EDD68AE9-F62C-4039-BB2C-2F834A7A9B23}.Checked|Any CPU.ActiveCfg = Release|Any CPU
		{EDD68AE9-F62C-4039-BB2C-2F834A7A9B23}.Checked|Any CPU.Build.0 = Release|Any CPU
		{EDD68AE9-F62C-4039-BB2C-2F834A7A9B23}.Debug|Any CPU.ActiveCfg = Debug|Any CPU
		{EDD68AE9-F62C-4039-BB2C-2F834A7A9B23}.Debug|Any CPU.Build.0 = Debug|Any CPU
		{EDD68AE9-F62C-4039-BB2C-2F834A7A9B23}.Release|Any CPU.ActiveCfg = Release|Any CPU
		{EDD68AE9-F62C-4039-BB2C-2F834A7A9B23}.Release|Any CPU.Build.0 = Release|Any CPU
		{C138D8AF-2A6C-432D-80DB-BDCD5B199FFC}.Checked|Any CPU.ActiveCfg = Release|Any CPU
		{C138D8AF-2A6C-432D-80DB-BDCD5B199FFC}.Checked|Any CPU.Build.0 = Release|Any CPU
		{C138D8AF-2A6C-432D-80DB-BDCD5B199FFC}.Debug|Any CPU.ActiveCfg = Debug|Any CPU
		{C138D8AF-2A6C-432D-80DB-BDCD5B199FFC}.Debug|Any CPU.Build.0 = Debug|Any CPU
		{C138D8AF-2A6C-432D-80DB-BDCD5B199FFC}.Release|Any CPU.ActiveCfg = Release|Any CPU
		{C138D8AF-2A6C-432D-80DB-BDCD5B199FFC}.Release|Any CPU.Build.0 = Release|Any CPU
	EndGlobalSection
	GlobalSection(SolutionProperties) = preSolution
		HideSolutionNode = FALSE
	EndGlobalSection
	GlobalSection(ExtensibilityGlobals) = postSolution
		SolutionGuid = {6A0203DD-9168-4592-A681-CA6601B2AE3D}
	EndGlobalSection
EndGlobal
